
Microsoft Visual Studio Solution File, Format Version 12.00
# Visual Studio Version 17
VisualStudioVersion = 17.0.32112.339
MinimumVisualStudioVersion = 10.0.40219.1
Project("{FAE04EC0-301F-11D3-BF4B-00C04F79EFBC}") = "TrackerWebAPI", "TrackerWebAPI\TrackerWebAPI.csproj", "{DA9D397C-C9EF-45AF-A17B-71C61FC1E407}"
EndProject
Global
	GlobalSection(SolutionConfigurationPlatforms) = preSolution
		Debug|Any CPU = Debug|Any CPU
		Release|Any CPU = Release|Any CPU
	EndGlobalSection
	GlobalSection(ProjectConfigurationPlatforms) = postSolution
		{DA9D397C-C9EF-45AF-A17B-71C61FC1E407}.Debug|Any CPU.ActiveCfg = Debug|Any CPU
		{DA9D397C-C9EF-45AF-A17B-71C61FC1E407}.Debug|Any CPU.Build.0 = Debug|Any CPU
		{DA9D397C-C9EF-45AF-A17B-71C61FC1E407}.Release|Any CPU.ActiveCfg = Release|Any CPU
		{DA9D397C-C9EF-45AF-A17B-71C61FC1E407}.Release|Any CPU.Build.0 = Release|Any CPU
	EndGlobalSection
	GlobalSection(SolutionProperties) = preSolution
		HideSolutionNode = FALSE
	EndGlobalSection
	GlobalSection(ExtensibilityGlobals) = postSolution
		SolutionGuid = {4B14787B-F244-48D0-91F0-D550EFBE1E83}
	EndGlobalSection
EndGlobal
